// !$*UTF8*$!
{
	archiveVersion = 1;
	classes = {
	};
	objectVersion = 46;
	objects = {

/* Begin PBXBuildFile section */
		BB8099101DD8419E00ED1B68 /* AppDelegate.swift in Sources */ = {isa = PBXBuildFile; fileRef = BB80990F1DD8419E00ED1B68 /* AppDelegate.swift */; };
		BB8099121DD8419E00ED1B68 /* ViewController.swift in Sources */ = {isa = PBXBuildFile; fileRef = BB8099111DD8419E00ED1B68 /* ViewController.swift */; };
		BB8099151DD8419E00ED1B68 /* Main.storyboard in Resources */ = {isa = PBXBuildFile; fileRef = BB8099131DD8419E00ED1B68 /* Main.storyboard */; };
		BB8099171DD8419E00ED1B68 /* Assets.xcassets in Resources */ = {isa = PBXBuildFile; fileRef = BB8099161DD8419E00ED1B68 /* Assets.xcassets */; };
		BB80991A1DD8419E00ED1B68 /* LaunchScreen.storyboard in Resources */ = {isa = PBXBuildFile; fileRef = BB8099181DD8419E00ED1B68 /* LaunchScreen.storyboard */; };
		BB8099251DD8419E00ED1B68 /* Browser13Tests.swift in Sources */ = {isa = PBXBuildFile; fileRef = BB8099241DD8419E00ED1B68 /* Browser13Tests.swift */; };
		BB8099301DD8419E00ED1B68 /* Browser13UITests.swift in Sources */ = {isa = PBXBuildFile; fileRef = BB80992F1DD8419E00ED1B68 /* Browser13UITests.swift */; };
		BB8099411DD855F200ED1B68 /* btn_right@2x.png in Resources */ = {isa = PBXBuildFile; fileRef = BB80993D1DD855F200ED1B68 /* btn_right@2x.png */; };
		BB8099421DD855F200ED1B68 /* btn_left@2x.png in Resources */ = {isa = PBXBuildFile; fileRef = BB80993E1DD855F200ED1B68 /* btn_left@2x.png */; };
		BB8099431DD855F200ED1B68 /* btn_right.png in Resources */ = {isa = PBXBuildFile; fileRef = BB80993F1DD855F200ED1B68 /* btn_right.png */; };
		BB8099441DD855F200ED1B68 /* btn_left.png in Resources */ = {isa = PBXBuildFile; fileRef = BB8099401DD855F200ED1B68 /* btn_left.png */; };
		BB8099471DD858C300ED1B68 /* launch.png in Resources */ = {isa = PBXBuildFile; fileRef = BB8099451DD858C300ED1B68 /* launch.png */; };
		BB8099481DD858C300ED1B68 /* launch@2x.png in Resources */ = {isa = PBXBuildFile; fileRef = BB8099461DD858C300ED1B68 /* launch@2x.png */; };
/* End PBXBuildFile section */

/* Begin PBXContainerItemProxy section */
		BB8099211DD8419E00ED1B68 /* PBXContainerItemProxy */ = {
			isa = PBXContainerItemProxy;
			containerPortal = BB8099041DD8419E00ED1B68 /* Project object */;
			proxyType = 1;
			remoteGlobalIDString = BB80990B1DD8419E00ED1B68;
			remoteInfo = Browser13;
		};
		BB80992C1DD8419E00ED1B68 /* PBXContainerItemProxy */ = {
			isa = PBXContainerItemProxy;
			containerPortal = BB8099041DD8419E00ED1B68 /* Project object */;
			proxyType = 1;
			remoteGlobalIDString = BB80990B1DD8419E00ED1B68;
			remoteInfo = Browser13;
		};
/* End PBXContainerItemProxy section */

/* Begin PBXFileReference section */
		BB80990C1DD8419E00ED1B68 /* Browser13.app */ = {isa = PBXFileReference; explicitFileType = wrapper.application; includeInIndex = 0; path = Browser13.app; sourceTree = BUILT_PRODUCTS_DIR; };
		BB80990F1DD8419E00ED1B68 /* AppDelegate.swift */ = {isa = PBXFileReference; lastKnownFileType = sourcecode.swift; path = AppDelegate.swift; sourceTree = "<group>"; };
		BB8099111DD8419E00ED1B68 /* ViewController.swift */ = {isa = PBXFileReference; lastKnownFileType = sourcecode.swift; path = ViewController.swift; sourceTree = "<group>"; };
		BB8099141DD8419E00ED1B68 /* Base */ = {isa = PBXFileReference; lastKnownFileType = file.storyboard; name = Base; path = Base.lproj/Main.storyboard; sourceTree = "<group>"; };
		BB8099161DD8419E00ED1B68 /* Assets.xcassets */ = {isa = PBXFileReference; lastKnownFileType = folder.assetcatalog; path = Assets.xcassets; sourceTree = "<group>"; };
		BB8099191DD8419E00ED1B68 /* Base */ = {isa = PBXFileReference; lastKnownFileType = file.storyboard; name = Base; path = Base.lproj/LaunchScreen.storyboard; sourceTree = "<group>"; };
		BB80991B1DD8419E00ED1B68 /* Info.plist */ = {isa = PBXFileReference; lastKnownFileType = text.plist.xml; path = Info.plist; sourceTree = "<group>"; };
		BB8099201DD8419E00ED1B68 /* Browser13Tests.xctest */ = {isa = PBXFileReference; explicitFileType = wrapper.cfbundle; includeInIndex = 0; path = Browser13Tests.xctest; sourceTree = BUILT_PRODUCTS_DIR; };
		BB8099241DD8419E00ED1B68 /* Browser13Tests.swift */ = {isa = PBXFileReference; lastKnownFileType = sourcecode.swift; path = Browser13Tests.swift; sourceTree = "<group>"; };
		BB8099261DD8419E00ED1B68 /* Info.plist */ = {isa = PBXFileReference; lastKnownFileType = text.plist.xml; path = Info.plist; sourceTree = "<group>"; };
		BB80992B1DD8419E00ED1B68 /* Browser13UITests.xctest */ = {isa = PBXFileReference; explicitFileType = wrapper.cfbundle; includeInIndex = 0; path = Browser13UITests.xctest; sourceTree = BUILT_PRODUCTS_DIR; };
		BB80992F1DD8419E00ED1B68 /* Browser13UITests.swift */ = {isa = PBXFileReference; lastKnownFileType = sourcecode.swift; path = Browser13UITests.swift; sourceTree = "<group>"; };
		BB8099311DD8419E00ED1B68 /* Info.plist */ = {isa = PBXFileReference; lastKnownFileType = text.plist.xml; path = Info.plist; sourceTree = "<group>"; };
		BB80993D1DD855F200ED1B68 /* btn_right@2x.png */ = {isa = PBXFileReference; lastKnownFileType = image.png; path = "btn_right@2x.png"; sourceTree = "<group>"; };
		BB80993E1DD855F200ED1B68 /* btn_left@2x.png */ = {isa = PBXFileReference; lastKnownFileType = image.png; path = "btn_left@2x.png"; sourceTree = "<group>"; };
		BB80993F1DD855F200ED1B68 /* btn_right.png */ = {isa = PBXFileReference; lastKnownFileType = image.png; path = btn_right.png; sourceTree = "<group>"; };
		BB8099401DD855F200ED1B68 /* btn_left.png */ = {isa = PBXFileReference; lastKnownFileType = image.png; path = btn_left.png; sourceTree = "<group>"; };
		BB8099451DD858C300ED1B68 /* launch.png */ = {isa = PBXFileReference; lastKnownFileType = image.png; path = launch.png; sourceTree = "<group>"; };
		BB8099461DD858C300ED1B68 /* launch@2x.png */ = {isa = PBXFileReference; lastKnownFileType = image.png; path = "launch@2x.png"; sourceTree = "<group>"; };
/* End PBXFileReference section */

/* Begin PBXFrameworksBuildPhase section */
		BB8099091DD8419E00ED1B68 /* Frameworks */ = {
			isa = PBXFrameworksBuildPhase;
			buildActionMask = 2147483647;
			files = (
			);
			runOnlyForDeploymentPostprocessing = 0;
		};
		BB80991D1DD8419E00ED1B68 /* Frameworks */ = {
			isa = PBXFrameworksBuildPhase;
			buildActionMask = 2147483647;
			files = (
			);
			runOnlyForDeploymentPostprocessing = 0;
		};
		BB8099281DD8419E00ED1B68 /* Frameworks */ = {
			isa = PBXFrameworksBuildPhase;
			buildActionMask = 2147483647;
			files = (
			);
			runOnlyForDeploymentPostprocessing = 0;
		};
/* End PBXFrameworksBuildPhase section */

/* Begin PBXGroup section */
		BB8099031DD8419E00ED1B68 = {
			isa = PBXGroup;
			children = (
				BB80990E1DD8419E00ED1B68 /* Browser13 */,
				BB8099231DD8419E00ED1B68 /* Browser13Tests */,
				BB80992E1DD8419E00ED1B68 /* Browser13UITests */,
				BB80990D1DD8419E00ED1B68 /* Products */,
			);
			sourceTree = "<group>";
		};
		BB80990D1DD8419E00ED1B68 /* Products */ = {
			isa = PBXGroup;
			children = (
				BB80990C1DD8419E00ED1B68 /* Browser13.app */,
				BB8099201DD8419E00ED1B68 /* Browser13Tests.xctest */,
				BB80992B1DD8419E00ED1B68 /* Browser13UITests.xctest */,
			);
			name = Products;
			sourceTree = "<group>";
		};
		BB80990E1DD8419E00ED1B68 /* Browser13 */ = {
			isa = PBXGroup;
			children = (
				BB80990F1DD8419E00ED1B68 /* AppDelegate.swift */,
				BB8099111DD8419E00ED1B68 /* ViewController.swift */,
				BB8099131DD8419E00ED1B68 /* Main.storyboard */,
				BB8099161DD8419E00ED1B68 /* Assets.xcassets */,
				BB8099181DD8419E00ED1B68 /* LaunchScreen.storyboard */,
				BB80991B1DD8419E00ED1B68 /* Info.plist */,
				BB80993D1DD855F200ED1B68 /* btn_right@2x.png */,
				BB80993E1DD855F200ED1B68 /* btn_left@2x.png */,
				BB80993F1DD855F200ED1B68 /* btn_right.png */,
				BB8099401DD855F200ED1B68 /* btn_left.png */,
				BB8099451DD858C300ED1B68 /* launch.png */,
				BB8099461DD858C300ED1B68 /* launch@2x.png */,
			);
			path = Browser13;
			sourceTree = "<group>";
		};
		BB8099231DD8419E00ED1B68 /* Browser13Tests */ = {
			isa = PBXGroup;
			children = (
				BB8099241DD8419E00ED1B68 /* Browser13Tests.swift */,
				BB8099261DD8419E00ED1B68 /* Info.plist */,
			);
			path = Browser13Tests;
			sourceTree = "<group>";
		};
		BB80992E1DD8419E00ED1B68 /* Browser13UITests */ = {
			isa = PBXGroup;
			children = (
				BB80992F1DD8419E00ED1B68 /* Browser13UITests.swift */,
				BB8099311DD8419E00ED1B68 /* Info.plist */,
			);
			path = Browser13UITests;
			sourceTree = "<group>";
		};
/* End PBXGroup section */

/* Begin PBXNativeTarget section */
		BB80990B1DD8419E00ED1B68 /* Browser13 */ = {
			isa = PBXNativeTarget;
			buildConfigurationList = BB8099341DD8419E00ED1B68 /* Build configuration list for PBXNativeTarget "Browser13" */;
			buildPhases = (
				BB8099081DD8419E00ED1B68 /* Sources */,
				BB8099091DD8419E00ED1B68 /* Frameworks */,
				BB80990A1DD8419E00ED1B68 /* Resources */,
			);
			buildRules = (
			);
			dependencies = (
			);
			name = Browser13;
			productName = Browser13;
			productReference = BB80990C1DD8419E00ED1B68 /* Browser13.app */;
			productType = "com.apple.product-type.application";
		};
		BB80991F1DD8419E00ED1B68 /* Browser13Tests */ = {
			isa = PBXNativeTarget;
			buildConfigurationList = BB8099371DD8419E00ED1B68 /* Build configuration list for PBXNativeTarget "Browser13Tests" */;
			buildPhases = (
				BB80991C1DD8419E00ED1B68 /* Sources */,
				BB80991D1DD8419E00ED1B68 /* Frameworks */,
				BB80991E1DD8419E00ED1B68 /* Resources */,
			);
			buildRules = (
			);
			dependencies = (
				BB8099221DD8419E00ED1B68 /* PBXTargetDependency */,
			);
			name = Browser13Tests;
			productName = Browser13Tests;
			productReference = BB8099201DD8419E00ED1B68 /* Browser13Tests.xctest */;
			productType = "com.apple.product-type.bundle.unit-test";
		};
		BB80992A1DD8419E00ED1B68 /* Browser13UITests */ = {
			isa = PBXNativeTarget;
			buildConfigurationList = BB80993A1DD8419E00ED1B68 /* Build configuration list for PBXNativeTarget "Browser13UITests" */;
			buildPhases = (
				BB8099271DD8419E00ED1B68 /* Sources */,
				BB8099281DD8419E00ED1B68 /* Frameworks */,
				BB8099291DD8419E00ED1B68 /* Resources */,
			);
			buildRules = (
			);
			dependencies = (
				BB80992D1DD8419E00ED1B68 /* PBXTargetDependency */,
			);
			name = Browser13UITests;
			productName = Browser13UITests;
			productReference = BB80992B1DD8419E00ED1B68 /* Browser13UITests.xctest */;
			productType = "com.apple.product-type.bundle.ui-testing";
		};
/* End PBXNativeTarget section */

/* Begin PBXProject section */
		BB8099041DD8419E00ED1B68 /* Project object */ = {
			isa = PBXProject;
			attributes = {
				LastSwiftUpdateCheck = 0810;
				LastUpgradeCheck = 0810;
				ORGANIZATIONNAME = "Tertiary Infotech";
				TargetAttributes = {
					BB80990B1DD8419E00ED1B68 = {
						CreatedOnToolsVersion = 8.1;
						ProvisioningStyle = Automatic;
					};
					BB80991F1DD8419E00ED1B68 = {
						CreatedOnToolsVersion = 8.1;
						ProvisioningStyle = Automatic;
						TestTargetID = BB80990B1DD8419E00ED1B68;
					};
					BB80992A1DD8419E00ED1B68 = {
						CreatedOnToolsVersion = 8.1;
						ProvisioningStyle = Automatic;
						TestTargetID = BB80990B1DD8419E00ED1B68;
					};
				};
			};
			buildConfigurationList = BB8099071DD8419E00ED1B68 /* Build configuration list for PBXProject "Browser13" */;
			compatibilityVersion = "Xcode 3.2";
			developmentRegion = English;
			hasScannedForEncodings = 0;
			knownRegions = (
				en,
				Base,
			);
			mainGroup = BB8099031DD8419E00ED1B68;
			productRefGroup = BB80990D1DD8419E00ED1B68 /* Products */;
			projectDirPath = "";
			projectRoot = "";
			targets = (
				BB80990B1DD8419E00ED1B68 /* Browser13 */,
				BB80991F1DD8419E00ED1B68 /* Browser13Tests */,
				BB80992A1DD8419E00ED1B68 /* Browser13UITests */,
			);
		};
/* End PBXProject section */

/* Begin PBXResourcesBuildPhase section */
		BB80990A1DD8419E00ED1B68 /* Resources */ = {
			isa = PBXResourcesBuildPhase;
			buildActionMask = 2147483647;
			files = (
				BB8099471DD858C300ED1B68 /* launch.png in Resources */,
				BB80991A1DD8419E00ED1B68 /* LaunchScreen.storyboard in Resources */,
				BB8099431DD855F200ED1B68 /* btn_right.png in Resources */,
				BB8099171DD8419E00ED1B68 /* Assets.xcassets in Resources */,
				BB8099441DD855F200ED1B68 /* btn_left.png in Resources */,
				BB8099481DD858C300ED1B68 /* launch@2x.png in Resources */,
				BB8099411DD855F200ED1B68 /* btn_right@2x.png in Resources */,
				BB8099421DD855F200ED1B68 /* btn_left@2x.png in Resources */,
				BB8099151DD8419E00ED1B68 /* Main.storyboard in Resources */,
			);
			runOnlyForDeploymentPostprocessing = 0;
		};
		BB80991E1DD8419E00ED1B68 /* Resources */ = {
			isa = PBXResourcesBuildPhase;
			buildActionMask = 2147483647;
			files = (
			);
			runOnlyForDeploymentPostprocessing = 0;
		};
		BB8099291DD8419E00ED1B68 /* Resources */ = {
			isa = PBXResourcesBuildPhase;
			buildActionMask = 2147483647;
			files = (
			);
			runOnlyForDeploymentPostprocessing = 0;
		};
/* End PBXResourcesBuildPhase section */

/* Begin PBXSourcesBuildPhase section */
		BB8099081DD8419E00ED1B68 /* Sources */ = {
			isa = PBXSourcesBuildPhase;
			buildActionMask = 2147483647;
			files = (
				BB8099121DD8419E00ED1B68 /* ViewController.swift in Sources */,
				BB8099101DD8419E00ED1B68 /* AppDelegate.swift in Sources */,
			);
			runOnlyForDeploymentPostprocessing = 0;
		};
		BB80991C1DD8419E00ED1B68 /* Sources */ = {
			isa = PBXSourcesBuildPhase;
			buildActionMask = 2147483647;
			files = (
				BB8099251DD8419E00ED1B68 /* Browser13Tests.swift in Sources */,
			);
			runOnlyForDeploymentPostprocessing = 0;
		};
		BB8099271DD8419E00ED1B68 /* Sources */ = {
			isa = PBXSourcesBuildPhase;
			buildActionMask = 2147483647;
			files = (
				BB8099301DD8419E00ED1B68 /* Browser13UITests.swift in Sources */,
			);
			runOnlyForDeploymentPostprocessing = 0;
		};
/* End PBXSourcesBuildPhase section */

/* Begin PBXTargetDependency section */
		BB8099221DD8419E00ED1B68 /* PBXTargetDependency */ = {
			isa = PBXTargetDependency;
			target = BB80990B1DD8419E00ED1B68 /* Browser13 */;
			targetProxy = BB8099211DD8419E00ED1B68 /* PBXContainerItemProxy */;
		};
		BB80992D1DD8419E00ED1B68 /* PBXTargetDependency */ = {
			isa = PBXTargetDependency;
			target = BB80990B1DD8419E00ED1B68 /* Browser13 */;
			targetProxy = BB80992C1DD8419E00ED1B68 /* PBXContainerItemProxy */;
		};
/* End PBXTargetDependency section */

/* Begin PBXVariantGroup section */
		BB8099131DD8419E00ED1B68 /* Main.storyboard */ = {
			isa = PBXVariantGroup;
			children = (
				BB8099141DD8419E00ED1B68 /* Base */,
			);
			name = Main.storyboard;
			sourceTree = "<group>";
		};
		BB8099181DD8419E00ED1B68 /* LaunchScreen.storyboard */ = {
			isa = PBXVariantGroup;
			children = (
				BB8099191DD8419E00ED1B68 /* Base */,
			);
			name = LaunchScreen.storyboard;
			sourceTree = "<group>";
		};
/* End PBXVariantGroup section */

/* Begin XCBuildConfiguration section */
		BB8099321DD8419E00ED1B68 /* Debug */ = {
			isa = XCBuildConfiguration;
			buildSettings = {
				ALWAYS_SEARCH_USER_PATHS = NO;
				CLANG_ANALYZER_NONNULL = YES;
				CLANG_CXX_LANGUAGE_STANDARD = "gnu++0x";
				CLANG_CXX_LIBRARY = "libc++";
				CLANG_ENABLE_MODULES = YES;
				CLANG_ENABLE_OBJC_ARC = YES;
				CLANG_WARN_BOOL_CONVERSION = YES;
				CLANG_WARN_CONSTANT_CONVERSION = YES;
				CLANG_WARN_DIRECT_OBJC_ISA_USAGE = YES_ERROR;
				CLANG_WARN_DOCUMENTATION_COMMENTS = YES;
				CLANG_WARN_EMPTY_BODY = YES;
				CLANG_WARN_ENUM_CONVERSION = YES;
				CLANG_WARN_INFINITE_RECURSION = YES;
				CLANG_WARN_INT_CONVERSION = YES;
				CLANG_WARN_OBJC_ROOT_CLASS = YES_ERROR;
				CLANG_WARN_SUSPICIOUS_MOVES = YES;
				CLANG_WARN_UNREACHABLE_CODE = YES;
				CLANG_WARN__DUPLICATE_METHOD_MATCH = YES;
				"CODE_SIGN_IDENTITY[sdk=iphoneos*]" = "iPhone Developer";
				COPY_PHASE_STRIP = NO;
				DEBUG_INFORMATION_FORMAT = dwarf;
				ENABLE_STRICT_OBJC_MSGSEND = YES;
				ENABLE_TESTABILITY = YES;
				GCC_C_LANGUAGE_STANDARD = gnu99;
				GCC_DYNAMIC_NO_PIC = NO;
				GCC_NO_COMMON_BLOCKS = YES;
				GCC_OPTIMIZATION_LEVEL = 0;
				GCC_PREPROCESSOR_DEFINITIONS = (
					"DEBUG=1",
					"$(inherited)",
				);
				GCC_WARN_64_TO_32_BIT_CONVERSION = YES;
				GCC_WARN_ABOUT_RETURN_TYPE = YES_ERROR;
				GCC_WARN_UNDECLARED_SELECTOR = YES;
				GCC_WARN_UNINITIALIZED_AUTOS = YES_AGGRESSIVE;
				GCC_WARN_UNUSED_FUNCTION = YES;
				GCC_WARN_UNUSED_VARIABLE = YES;
				IPHONEOS_DEPLOYMENT_TARGET = 10.1;
				MTL_ENABLE_DEBUG_INFO = YES;
				ONLY_ACTIVE_ARCH = YES;
				SDKROOT = iphoneos;
				SWIFT_ACTIVE_COMPILATION_CONDITIONS = DEBUG;
				SWIFT_OPTIMIZATION_LEVEL = "-Onone";
				TARGETED_DEVICE_FAMILY = "1,2";
			};
			name = Debug;
		};
		BB8099331DD8419E00ED1B68 /* Release */ = {
			isa = XCBuildConfiguration;
			buildSettings = {
				ALWAYS_SEARCH_USER_PATHS = NO;
				CLANG_ANALYZER_NONNULL = YES;
				CLANG_CXX_LANGUAGE_STANDARD = "gnu++0x";
				CLANG_CXX_LIBRARY = "libc++";
				CLANG_ENABLE_MODULES = YES;
				CLANG_ENABLE_OBJC_ARC = YES;
				CLANG_WARN_BOOL_CONVERSION = YES;
				CLANG_WARN_CONSTANT_CONVERSION = YES;
				CLANG_WARN_DIRECT_OBJC_ISA_USAGE = YES_ERROR;
				CLANG_WARN_DOCUMENTATION_COMMENTS = YES;
				CLANG_WARN_EMPTY_BODY = YES;
				CLANG_WARN_ENUM_CONVERSION = YES;
				CLANG_WARN_INFINITE_RECURSION = YES;
				CLANG_WARN_INT_CONVERSION = YES;
				CLANG_WARN_OBJC_ROOT_CLASS = YES_ERROR;
				CLANG_WARN_SUSPICIOUS_MOVES = YES;
				CLANG_WARN_UNREACHABLE_CODE = YES;
				CLANG_WARN__DUPLICATE_METHOD_MATCH = YES;
				"CODE_SIGN_IDENTITY[sdk=iphoneos*]" = "iPhone Developer";
				COPY_PHASE_STRIP = NO;
				DEBUG_INFORMATION_FORMAT = "dwarf-with-dsym";
				ENABLE_NS_ASSERTIONS = NO;
				ENABLE_STRICT_OBJC_MSGSEND = YES;
				GCC_C_LANGUAGE_STANDARD = gnu99;
				GCC_NO_COMMON_BLOCKS = YES;
				GCC_WARN_64_TO_32_BIT_CONVERSION = YES;
				GCC_WARN_ABOUT_RETURN_TYPE = YES_ERROR;
				GCC_WARN_UNDECLARED_SELECTOR = YES;
				GCC_WARN_UNINITIALIZED_AUTOS = YES_AGGRESSIVE;
				GCC_WARN_UNUSED_FUNCTION = YES;
				GCC_WARN_UNUSED_VARIABLE = YES;
				IPHONEOS_DEPLOYMENT_TARGET = 10.1;
				MTL_ENABLE_DEBUG_INFO = NO;
				SDKROOT = iphoneos;
				SWIFT_OPTIMIZATION_LEVEL = "-Owholemodule";
				TARGETED_DEVICE_FAMILY = "1,2";
				VALIDATE_PRODUCT = YES;
			};
			name = Release;
		};
		BB8099351DD8419E00ED1B68 /* Debug */ = {
			isa = XCBuildConfiguration;
			buildSettings = {
				ASSETCATALOG_COMPILER_APPICON_NAME = AppIcon;
				INFOPLIST_FILE = Browser13/Info.plist;
				LD_RUNPATH_SEARCH_PATHS = "$(inherited) @executable_path/Frameworks";
				PRODUCT_BUNDLE_IDENTIFIER = com.tertiayrinfotech.Browser13;
				PRODUCT_NAME = "$(TARGET_NAME)";
				SWIFT_VERSION = 3.0;
			};
			name = Debug;
		};
		BB8099361DD8419E00ED1B68 /* Release */ = {
			isa = XCBuildConfiguration;
			buildSettings = {
				ASSETCATALOG_COMPILER_APPICON_NAME = AppIcon;
				INFOPLIST_FILE = Browser13/Info.plist;
				LD_RUNPATH_SEARCH_PATHS = "$(inherited) @executable_path/Frameworks";
				PRODUCT_BUNDLE_IDENTIFIER = com.tertiayrinfotech.Browser13;
				PRODUCT_NAME = "$(TARGET_NAME)";
				SWIFT_VERSION = 3.0;
			};
			name = Release;
		};
		BB8099381DD8419E00ED1B68 /* Debug */ = {
			isa = XCBuildConfiguration;
			buildSettings = {
				ALWAYS_EMBED_SWIFT_STANDARD_LIBRARIES = YES;
				BUNDLE_LOADER = "$(TEST_HOST)";
				INFOPLIST_FILE = Browser13Tests/Info.plist;
				LD_RUNPATH_SEARCH_PATHS = "$(inherited) @executable_path/Frameworks @loader_path/Frameworks";
				PRODUCT_BUNDLE_IDENTIFIER = com.tertiayrinfotech.Browser13Tests;
				PRODUCT_NAME = "$(TARGET_NAME)";
				SWIFT_VERSION = 3.0;
				TEST_HOST = "$(BUILT_PRODUCTS_DIR)/Browser13.app/Browser13";
			};
			name = Debug;
		};
		BB8099391DD8419E00ED1B68 /* Release */ = {
			isa = XCBuildConfiguration;
			buildSettings = {
				ALWAYS_EMBED_SWIFT_STANDARD_LIBRARIES = YES;
				BUNDLE_LOADER = "$(TEST_HOST)";
				INFOPLIST_FILE = Browser13Tests/Info.plist;
				LD_RUNPATH_SEARCH_PATHS = "$(inherited) @executable_path/Frameworks @loader_path/Frameworks";
				PRODUCT_BUNDLE_IDENTIFIER = com.tertiayrinfotech.Browser13Tests;
				PRODUCT_NAME = "$(TARGET_NAME)";
				SWIFT_VERSION = 3.0;
				TEST_HOST = "$(BUILT_PRODUCTS_DIR)/Browser13.app/Browser13";
			};
			name = Release;
		};
		BB80993B1DD8419E00ED1B68 /* Debug */ = {
			isa = XCBuildConfiguration;
			buildSettings = {
				ALWAYS_EMBED_SWIFT_STANDARD_LIBRARIES = YES;
				INFOPLIST_FILE = Browser13UITests/Info.plist;
				LD_RUNPATH_SEARCH_PATHS = "$(inherited) @executable_path/Frameworks @loader_path/Frameworks";
				PRODUCT_BUNDLE_IDENTIFIER = com.tertiayrinfotech.Browser13UITests;
				PRODUCT_NAME = "$(TARGET_NAME)";
				SWIFT_VERSION = 3.0;
				TEST_TARGET_NAME = Browser13;
			};
			name = Debug;
		};
		BB80993C1DD8419E00ED1B68 /* Release */ = {
			isa = XCBuildConfiguration;
			buildSettings = {
				ALWAYS_EMBED_SWIFT_STANDARD_LIBRARIES = YES;
				INFOPLIST_FILE = Browser13UITests/Info.plist;
				LD_RUNPATH_SEARCH_PATHS = "$(inherited) @executable_path/Frameworks @loader_path/Frameworks";
				PRODUCT_BUNDLE_IDENTIFIER = com.tertiayrinfotech.Browser13UITests;
				PRODUCT_NAME = "$(TARGET_NAME)";
				SWIFT_VERSION = 3.0;
				TEST_TARGET_NAME = Browser13;
			};
			name = Release;
		};
/* End XCBuildConfiguration section */

/* Begin XCConfigurationList section */
		BB8099071DD8419E00ED1B68 /* Build configuration list for PBXProject "Browser13" */ = {
			isa = XCConfigurationList;
			buildConfigurations = (
				BB8099321DD8419E00ED1B68 /* Debug */,
				BB8099331DD8419E00ED1B68 /* Release */,
			);
			defaultConfigurationIsVisible = 0;
			defaultConfigurationName = Release;
		};
		BB8099341DD8419E00ED1B68 /* Build configuration list for PBXNativeTarget "Browser13" */ = {
			isa = XCConfigurationList;
			buildConfigurations = (
				BB8099351DD8419E00ED1B68 /* Debug */,
				BB8099361DD8419E00ED1B68 /* Release */,
			);
			defaultConfigurationIsVisible = 0;
		};
		BB8099371DD8419E00ED1B68 /* Build configuration list for PBXNativeTarget "Browser13Tests" */ = {
			isa = XCConfigurationList;
			buildConfigurations = (
				BB8099381DD8419E00ED1B68 /* Debug */,
				BB8099391DD8419E00ED1B68 /* Release */,
			);
			defaultConfigurationIsVisible = 0;
		};
		BB80993A1DD8419E00ED1B68 /* Build configuration list for PBXNativeTarget "Browser13UITests" */ = {
			isa = XCConfigurationList;
			buildConfigurations = (
				BB80993B1DD8419E00ED1B68 /* Debug */,
				BB80993C1DD8419E00ED1B68 /* Release */,
			);
			defaultConfigurationIsVisible = 0;
		};
/* End XCConfigurationList section */
	};
	rootObject = BB8099041DD8419E00ED1B68 /* Project object */;
}
