// !$*UTF8*$!
{
	archiveVersion = 1;
	classes = {
	};
	objectVersion = 46;
	objects = {

/* Begin PBXBuildFile section */
		BB80989A1DD82C5E00ED1B68 /* AppDelegate.swift in Sources */ = {isa = PBXBuildFile; fileRef = BB8098991DD82C5E00ED1B68 /* AppDelegate.swift */; };
		BB80989C1DD82C5E00ED1B68 /* ViewController.swift in Sources */ = {isa = PBXBuildFile; fileRef = BB80989B1DD82C5E00ED1B68 /* ViewController.swift */; };
		BB80989F1DD82C5E00ED1B68 /* Main.storyboard in Resources */ = {isa = PBXBuildFile; fileRef = BB80989D1DD82C5E00ED1B68 /* Main.storyboard */; };
		BB8098A11DD82C5E00ED1B68 /* Assets.xcassets in Resources */ = {isa = PBXBuildFile; fileRef = BB8098A01DD82C5E00ED1B68 /* Assets.xcassets */; };
		BB8098A41DD82C5E00ED1B68 /* LaunchScreen.storyboard in Resources */ = {isa = PBXBuildFile; fileRef = BB8098A21DD82C5E00ED1B68 /* LaunchScreen.storyboard */; };
		BB8098AF1DD82C5F00ED1B68 /* test8Tests.swift in Sources */ = {isa = PBXBuildFile; fileRef = BB8098AE1DD82C5F00ED1B68 /* test8Tests.swift */; };
		BB8098BA1DD82C5F00ED1B68 /* test8UITests.swift in Sources */ = {isa = PBXBuildFile; fileRef = BB8098B91DD82C5F00ED1B68 /* test8UITests.swift */; };
/* End PBXBuildFile section */

/* Begin PBXContainerItemProxy section */
		BB8098AB1DD82C5E00ED1B68 /* PBXContainerItemProxy */ = {
			isa = PBXContainerItemProxy;
			containerPortal = BB80988E1DD82C5E00ED1B68 /* Project object */;
			proxyType = 1;
			remoteGlobalIDString = BB8098951DD82C5E00ED1B68;
			remoteInfo = test8;
		};
		BB8098B61DD82C5F00ED1B68 /* PBXContainerItemProxy */ = {
			isa = PBXContainerItemProxy;
			containerPortal = BB80988E1DD82C5E00ED1B68 /* Project object */;
			proxyType = 1;
			remoteGlobalIDString = BB8098951DD82C5E00ED1B68;
			remoteInfo = test8;
		};
/* End PBXContainerItemProxy section */

/* Begin PBXFileReference section */
		BB8098961DD82C5E00ED1B68 /* test8.app */ = {isa = PBXFileReference; explicitFileType = wrapper.application; includeInIndex = 0; path = test8.app; sourceTree = BUILT_PRODUCTS_DIR; };
		BB8098991DD82C5E00ED1B68 /* AppDelegate.swift */ = {isa = PBXFileReference; lastKnownFileType = sourcecode.swift; path = AppDelegate.swift; sourceTree = "<group>"; };
		BB80989B1DD82C5E00ED1B68 /* ViewController.swift */ = {isa = PBXFileReference; lastKnownFileType = sourcecode.swift; path = ViewController.swift; sourceTree = "<group>"; };
		BB80989E1DD82C5E00ED1B68 /* Base */ = {isa = PBXFileReference; lastKnownFileType = file.storyboard; name = Base; path = Base.lproj/Main.storyboard; sourceTree = "<group>"; };
		BB8098A01DD82C5E00ED1B68 /* Assets.xcassets */ = {isa = PBXFileReference; lastKnownFileType = folder.assetcatalog; path = Assets.xcassets; sourceTree = "<group>"; };
		BB8098A31DD82C5E00ED1B68 /* Base */ = {isa = PBXFileReference; lastKnownFileType = file.storyboard; name = Base; path = Base.lproj/LaunchScreen.storyboard; sourceTree = "<group>"; };
		BB8098A51DD82C5E00ED1B68 /* Info.plist */ = {isa = PBXFileReference; lastKnownFileType = text.plist.xml; path = Info.plist; sourceTree = "<group>"; };
		BB8098AA1DD82C5E00ED1B68 /* test8Tests.xctest */ = {isa = PBXFileReference; explicitFileType = wrapper.cfbundle; includeInIndex = 0; path = test8Tests.xctest; sourceTree = BUILT_PRODUCTS_DIR; };
		BB8098AE1DD82C5F00ED1B68 /* test8Tests.swift */ = {isa = PBXFileReference; lastKnownFileType = sourcecode.swift; path = test8Tests.swift; sourceTree = "<group>"; };
		BB8098B01DD82C5F00ED1B68 /* Info.plist */ = {isa = PBXFileReference; lastKnownFileType = text.plist.xml; path = Info.plist; sourceTree = "<group>"; };
		BB8098B51DD82C5F00ED1B68 /* test8UITests.xctest */ = {isa = PBXFileReference; explicitFileType = wrapper.cfbundle; includeInIndex = 0; path = test8UITests.xctest; sourceTree = BUILT_PRODUCTS_DIR; };
		BB8098B91DD82C5F00ED1B68 /* test8UITests.swift */ = {isa = PBXFileReference; lastKnownFileType = sourcecode.swift; path = test8UITests.swift; sourceTree = "<group>"; };
		BB8098BB1DD82C5F00ED1B68 /* Info.plist */ = {isa = PBXFileReference; lastKnownFileType = text.plist.xml; path = Info.plist; sourceTree = "<group>"; };
/* End PBXFileReference section */

/* Begin PBXFrameworksBuildPhase section */
		BB8098931DD82C5E00ED1B68 /* Frameworks */ = {
			isa = PBXFrameworksBuildPhase;
			buildActionMask = 2147483647;
			files = (
			);
			runOnlyForDeploymentPostprocessing = 0;
		};
		BB8098A71DD82C5E00ED1B68 /* Frameworks */ = {
			isa = PBXFrameworksBuildPhase;
			buildActionMask = 2147483647;
			files = (
			);
			runOnlyForDeploymentPostprocessing = 0;
		};
		BB8098B21DD82C5F00ED1B68 /* Frameworks */ = {
			isa = PBXFrameworksBuildPhase;
			buildActionMask = 2147483647;
			files = (
			);
			runOnlyForDeploymentPostprocessing = 0;
		};
/* End PBXFrameworksBuildPhase section */

/* Begin PBXGroup section */
		BB80988D1DD82C5E00ED1B68 = {
			isa = PBXGroup;
			children = (
				BB8098981DD82C5E00ED1B68 /* test8 */,
				BB8098AD1DD82C5E00ED1B68 /* test8Tests */,
				BB8098B81DD82C5F00ED1B68 /* test8UITests */,
				BB8098971DD82C5E00ED1B68 /* Products */,
			);
			sourceTree = "<group>";
		};
		BB8098971DD82C5E00ED1B68 /* Products */ = {
			isa = PBXGroup;
			children = (
				BB8098961DD82C5E00ED1B68 /* test8.app */,
				BB8098AA1DD82C5E00ED1B68 /* test8Tests.xctest */,
				BB8098B51DD82C5F00ED1B68 /* test8UITests.xctest */,
			);
			name = Products;
			sourceTree = "<group>";
		};
		BB8098981DD82C5E00ED1B68 /* test8 */ = {
			isa = PBXGroup;
			children = (
				BB8098991DD82C5E00ED1B68 /* AppDelegate.swift */,
				BB80989B1DD82C5E00ED1B68 /* ViewController.swift */,
				BB80989D1DD82C5E00ED1B68 /* Main.storyboard */,
				BB8098A01DD82C5E00ED1B68 /* Assets.xcassets */,
				BB8098A21DD82C5E00ED1B68 /* LaunchScreen.storyboard */,
				BB8098A51DD82C5E00ED1B68 /* Info.plist */,
			);
			path = test8;
			sourceTree = "<group>";
		};
		BB8098AD1DD82C5E00ED1B68 /* test8Tests */ = {
			isa = PBXGroup;
			children = (
				BB8098AE1DD82C5F00ED1B68 /* test8Tests.swift */,
				BB8098B01DD82C5F00ED1B68 /* Info.plist */,
			);
			path = test8Tests;
			sourceTree = "<group>";
		};
		BB8098B81DD82C5F00ED1B68 /* test8UITests */ = {
			isa = PBXGroup;
			children = (
				BB8098B91DD82C5F00ED1B68 /* test8UITests.swift */,
				BB8098BB1DD82C5F00ED1B68 /* Info.plist */,
			);
			path = test8UITests;
			sourceTree = "<group>";
		};
/* End PBXGroup section */

/* Begin PBXNativeTarget section */
		BB8098951DD82C5E00ED1B68 /* test8 */ = {
			isa = PBXNativeTarget;
			buildConfigurationList = BB8098BE1DD82C5F00ED1B68 /* Build configuration list for PBXNativeTarget "test8" */;
			buildPhases = (
				BB8098921DD82C5E00ED1B68 /* Sources */,
				BB8098931DD82C5E00ED1B68 /* Frameworks */,
				BB8098941DD82C5E00ED1B68 /* Resources */,
			);
			buildRules = (
			);
			dependencies = (
			);
			name = test8;
			productName = test8;
			productReference = BB8098961DD82C5E00ED1B68 /* test8.app */;
			productType = "com.apple.product-type.application";
		};
		BB8098A91DD82C5E00ED1B68 /* test8Tests */ = {
			isa = PBXNativeTarget;
			buildConfigurationList = BB8098C11DD82C5F00ED1B68 /* Build configuration list for PBXNativeTarget "test8Tests" */;
			buildPhases = (
				BB8098A61DD82C5E00ED1B68 /* Sources */,
				BB8098A71DD82C5E00ED1B68 /* Frameworks */,
				BB8098A81DD82C5E00ED1B68 /* Resources */,
			);
			buildRules = (
			);
			dependencies = (
				BB8098AC1DD82C5E00ED1B68 /* PBXTargetDependency */,
			);
			name = test8Tests;
			productName = test8Tests;
			productReference = BB8098AA1DD82C5E00ED1B68 /* test8Tests.xctest */;
			productType = "com.apple.product-type.bundle.unit-test";
		};
		BB8098B41DD82C5F00ED1B68 /* test8UITests */ = {
			isa = PBXNativeTarget;
			buildConfigurationList = BB8098C41DD82C5F00ED1B68 /* Build configuration list for PBXNativeTarget "test8UITests" */;
			buildPhases = (
				BB8098B11DD82C5F00ED1B68 /* Sources */,
				BB8098B21DD82C5F00ED1B68 /* Frameworks */,
				BB8098B31DD82C5F00ED1B68 /* Resources */,
			);
			buildRules = (
			);
			dependencies = (
				BB8098B71DD82C5F00ED1B68 /* PBXTargetDependency */,
			);
			name = test8UITests;
			productName = test8UITests;
			productReference = BB8098B51DD82C5F00ED1B68 /* test8UITests.xctest */;
			productType = "com.apple.product-type.bundle.ui-testing";
		};
/* End PBXNativeTarget section */

/* Begin PBXProject section */
		BB80988E1DD82C5E00ED1B68 /* Project object */ = {
			isa = PBXProject;
			attributes = {
				LastSwiftUpdateCheck = 0810;
				LastUpgradeCheck = 0810;
				ORGANIZATIONNAME = "Tertiary Infotech";
				TargetAttributes = {
					BB8098951DD82C5E00ED1B68 = {
						CreatedOnToolsVersion = 8.1;
						ProvisioningStyle = Automatic;
					};
					BB8098A91DD82C5E00ED1B68 = {
						CreatedOnToolsVersion = 8.1;
						ProvisioningStyle = Automatic;
						TestTargetID = BB8098951DD82C5E00ED1B68;
					};
					BB8098B41DD82C5F00ED1B68 = {
						CreatedOnToolsVersion = 8.1;
						ProvisioningStyle = Automatic;
						TestTargetID = BB8098951DD82C5E00ED1B68;
					};
				};
			};
			buildConfigurationList = BB8098911DD82C5E00ED1B68 /* Build configuration list for PBXProject "test8" */;
			compatibilityVersion = "Xcode 3.2";
			developmentRegion = English;
			hasScannedForEncodings = 0;
			knownRegions = (
				en,
				Base,
			);
			mainGroup = BB80988D1DD82C5E00ED1B68;
			productRefGroup = BB8098971DD82C5E00ED1B68 /* Products */;
			projectDirPath = "";
			projectRoot = "";
			targets = (
				BB8098951DD82C5E00ED1B68 /* test8 */,
				BB8098A91DD82C5E00ED1B68 /* test8Tests */,
				BB8098B41DD82C5F00ED1B68 /* test8UITests */,
			);
		};
/* End PBXProject section */

/* Begin PBXResourcesBuildPhase section */
		BB8098941DD82C5E00ED1B68 /* Resources */ = {
			isa = PBXResourcesBuildPhase;
			buildActionMask = 2147483647;
			files = (
				BB8098A41DD82C5E00ED1B68 /* LaunchScreen.storyboard in Resources */,
				BB8098A11DD82C5E00ED1B68 /* Assets.xcassets in Resources */,
				BB80989F1DD82C5E00ED1B68 /* Main.storyboard in Resources */,
			);
			runOnlyForDeploymentPostprocessing = 0;
		};
		BB8098A81DD82C5E00ED1B68 /* Resources */ = {
			isa = PBXResourcesBuildPhase;
			buildActionMask = 2147483647;
			files = (
			);
			runOnlyForDeploymentPostprocessing = 0;
		};
		BB8098B31DD82C5F00ED1B68 /* Resources */ = {
			isa = PBXResourcesBuildPhase;
			buildActionMask = 2147483647;
			files = (
			);
			runOnlyForDeploymentPostprocessing = 0;
		};
/* End PBXResourcesBuildPhase section */

/* Begin PBXSourcesBuildPhase section */
		BB8098921DD82C5E00ED1B68 /* Sources */ = {
			isa = PBXSourcesBuildPhase;
			buildActionMask = 2147483647;
			files = (
				BB80989C1DD82C5E00ED1B68 /* ViewController.swift in Sources */,
				BB80989A1DD82C5E00ED1B68 /* AppDelegate.swift in Sources */,
			);
			runOnlyForDeploymentPostprocessing = 0;
		};
		BB8098A61DD82C5E00ED1B68 /* Sources */ = {
			isa = PBXSourcesBuildPhase;
			buildActionMask = 2147483647;
			files = (
				BB8098AF1DD82C5F00ED1B68 /* test8Tests.swift in Sources */,
			);
			runOnlyForDeploymentPostprocessing = 0;
		};
		BB8098B11DD82C5F00ED1B68 /* Sources */ = {
			isa = PBXSourcesBuildPhase;
			buildActionMask = 2147483647;
			files = (
				BB8098BA1DD82C5F00ED1B68 /* test8UITests.swift in Sources */,
			);
			runOnlyForDeploymentPostprocessing = 0;
		};
/* End PBXSourcesBuildPhase section */

/* Begin PBXTargetDependency section */
		BB8098AC1DD82C5E00ED1B68 /* PBXTargetDependency */ = {
			isa = PBXTargetDependency;
			target = BB8098951DD82C5E00ED1B68 /* test8 */;
			targetProxy = BB8098AB1DD82C5E00ED1B68 /* PBXContainerItemProxy */;
		};
		BB8098B71DD82C5F00ED1B68 /* PBXTargetDependency */ = {
			isa = PBXTargetDependency;
			target = BB8098951DD82C5E00ED1B68 /* test8 */;
			targetProxy = BB8098B61DD82C5F00ED1B68 /* PBXContainerItemProxy */;
		};
/* End PBXTargetDependency section */

/* Begin PBXVariantGroup section */
		BB80989D1DD82C5E00ED1B68 /* Main.storyboard */ = {
			isa = PBXVariantGroup;
			children = (
				BB80989E1DD82C5E00ED1B68 /* Base */,
			);
			name = Main.storyboard;
			sourceTree = "<group>";
		};
		BB8098A21DD82C5E00ED1B68 /* LaunchScreen.storyboard */ = {
			isa = PBXVariantGroup;
			children = (
				BB8098A31DD82C5E00ED1B68 /* Base */,
			);
			name = LaunchScreen.storyboard;
			sourceTree = "<group>";
		};
/* End PBXVariantGroup section */

/* Begin XCBuildConfiguration section */
		BB8098BC1DD82C5F00ED1B68 /* Debug */ = {
			isa = XCBuildConfiguration;
			buildSettings = {
				ALWAYS_SEARCH_USER_PATHS = NO;
				CLANG_ANALYZER_NONNULL = YES;
				CLANG_CXX_LANGUAGE_STANDARD = "gnu++0x";
				CLANG_CXX_LIBRARY = "libc++";
				CLANG_ENABLE_MODULES = YES;
				CLANG_ENABLE_OBJC_ARC = YES;
				CLANG_WARN_BOOL_CONVERSION = YES;
				CLANG_WARN_CONSTANT_CONVERSION = YES;
				CLANG_WARN_DIRECT_OBJC_ISA_USAGE = YES_ERROR;
				CLANG_WARN_DOCUMENTATION_COMMENTS = YES;
				CLANG_WARN_EMPTY_BODY = YES;
				CLANG_WARN_ENUM_CONVERSION = YES;
				CLANG_WARN_INFINITE_RECURSION = YES;
				CLANG_WARN_INT_CONVERSION = YES;
				CLANG_WARN_OBJC_ROOT_CLASS = YES_ERROR;
				CLANG_WARN_SUSPICIOUS_MOVES = YES;
				CLANG_WARN_UNREACHABLE_CODE = YES;
				CLANG_WARN__DUPLICATE_METHOD_MATCH = YES;
				"CODE_SIGN_IDENTITY[sdk=iphoneos*]" = "iPhone Developer";
				COPY_PHASE_STRIP = NO;
				DEBUG_INFORMATION_FORMAT = dwarf;
				ENABLE_STRICT_OBJC_MSGSEND = YES;
				ENABLE_TESTABILITY = YES;
				GCC_C_LANGUAGE_STANDARD = gnu99;
				GCC_DYNAMIC_NO_PIC = NO;
				GCC_NO_COMMON_BLOCKS = YES;
				GCC_OPTIMIZATION_LEVEL = 0;
				GCC_PREPROCESSOR_DEFINITIONS = (
					"DEBUG=1",
					"$(inherited)",
				);
				GCC_WARN_64_TO_32_BIT_CONVERSION = YES;
				GCC_WARN_ABOUT_RETURN_TYPE = YES_ERROR;
				GCC_WARN_UNDECLARED_SELECTOR = YES;
				GCC_WARN_UNINITIALIZED_AUTOS = YES_AGGRESSIVE;
				GCC_WARN_UNUSED_FUNCTION = YES;
				GCC_WARN_UNUSED_VARIABLE = YES;
				IPHONEOS_DEPLOYMENT_TARGET = 10.1;
				MTL_ENABLE_DEBUG_INFO = YES;
				ONLY_ACTIVE_ARCH = YES;
				SDKROOT = iphoneos;
				SWIFT_ACTIVE_COMPILATION_CONDITIONS = DEBUG;
				SWIFT_OPTIMIZATION_LEVEL = "-Onone";
				TARGETED_DEVICE_FAMILY = "1,2";
			};
			name = Debug;
		};
		BB8098BD1DD82C5F00ED1B68 /* Release */ = {
			isa = XCBuildConfiguration;
			buildSettings = {
				ALWAYS_SEARCH_USER_PATHS = NO;
				CLANG_ANALYZER_NONNULL = YES;
				CLANG_CXX_LANGUAGE_STANDARD = "gnu++0x";
				CLANG_CXX_LIBRARY = "libc++";
				CLANG_ENABLE_MODULES = YES;
				CLANG_ENABLE_OBJC_ARC = YES;
				CLANG_WARN_BOOL_CONVERSION = YES;
				CLANG_WARN_CONSTANT_CONVERSION = YES;
				CLANG_WARN_DIRECT_OBJC_ISA_USAGE = YES_ERROR;
				CLANG_WARN_DOCUMENTATION_COMMENTS = YES;
				CLANG_WARN_EMPTY_BODY = YES;
				CLANG_WARN_ENUM_CONVERSION = YES;
				CLANG_WARN_INFINITE_RECURSION = YES;
				CLANG_WARN_INT_CONVERSION = YES;
				CLANG_WARN_OBJC_ROOT_CLASS = YES_ERROR;
				CLANG_WARN_SUSPICIOUS_MOVES = YES;
				CLANG_WARN_UNREACHABLE_CODE = YES;
				CLANG_WARN__DUPLICATE_METHOD_MATCH = YES;
				"CODE_SIGN_IDENTITY[sdk=iphoneos*]" = "iPhone Developer";
				COPY_PHASE_STRIP = NO;
				DEBUG_INFORMATION_FORMAT = "dwarf-with-dsym";
				ENABLE_NS_ASSERTIONS = NO;
				ENABLE_STRICT_OBJC_MSGSEND = YES;
				GCC_C_LANGUAGE_STANDARD = gnu99;
				GCC_NO_COMMON_BLOCKS = YES;
				GCC_WARN_64_TO_32_BIT_CONVERSION = YES;
				GCC_WARN_ABOUT_RETURN_TYPE = YES_ERROR;
				GCC_WARN_UNDECLARED_SELECTOR = YES;
				GCC_WARN_UNINITIALIZED_AUTOS = YES_AGGRESSIVE;
				GCC_WARN_UNUSED_FUNCTION = YES;
				GCC_WARN_UNUSED_VARIABLE = YES;
				IPHONEOS_DEPLOYMENT_TARGET = 10.1;
				MTL_ENABLE_DEBUG_INFO = NO;
				SDKROOT = iphoneos;
				SWIFT_OPTIMIZATION_LEVEL = "-Owholemodule";
				TARGETED_DEVICE_FAMILY = "1,2";
				VALIDATE_PRODUCT = YES;
			};
			name = Release;
		};
		BB8098BF1DD82C5F00ED1B68 /* Debug */ = {
			isa = XCBuildConfiguration;
			buildSettings = {
				ASSETCATALOG_COMPILER_APPICON_NAME = AppIcon;
				INFOPLIST_FILE = test8/Info.plist;
				LD_RUNPATH_SEARCH_PATHS = "$(inherited) @executable_path/Frameworks";
				PRODUCT_BUNDLE_IDENTIFIER = com.tertiayrinfotech.test8;
				PRODUCT_NAME = "$(TARGET_NAME)";
				SWIFT_VERSION = 3.0;
			};
			name = Debug;
		};
		BB8098C01DD82C5F00ED1B68 /* Release */ = {
			isa = XCBuildConfiguration;
			buildSettings = {
				ASSETCATALOG_COMPILER_APPICON_NAME = AppIcon;
				INFOPLIST_FILE = test8/Info.plist;
				LD_RUNPATH_SEARCH_PATHS = "$(inherited) @executable_path/Frameworks";
				PRODUCT_BUNDLE_IDENTIFIER = com.tertiayrinfotech.test8;
				PRODUCT_NAME = "$(TARGET_NAME)";
				SWIFT_VERSION = 3.0;
			};
			name = Release;
		};
		BB8098C21DD82C5F00ED1B68 /* Debug */ = {
			isa = XCBuildConfiguration;
			buildSettings = {
				ALWAYS_EMBED_SWIFT_STANDARD_LIBRARIES = YES;
				BUNDLE_LOADER = "$(TEST_HOST)";
				INFOPLIST_FILE = test8Tests/Info.plist;
				LD_RUNPATH_SEARCH_PATHS = "$(inherited) @executable_path/Frameworks @loader_path/Frameworks";
				PRODUCT_BUNDLE_IDENTIFIER = com.tertiayrinfotech.test8Tests;
				PRODUCT_NAME = "$(TARGET_NAME)";
				SWIFT_VERSION = 3.0;
				TEST_HOST = "$(BUILT_PRODUCTS_DIR)/test8.app/test8";
			};
			name = Debug;
		};
		BB8098C31DD82C5F00ED1B68 /* Release */ = {
			isa = XCBuildConfiguration;
			buildSettings = {
				ALWAYS_EMBED_SWIFT_STANDARD_LIBRARIES = YES;
				BUNDLE_LOADER = "$(TEST_HOST)";
				INFOPLIST_FILE = test8Tests/Info.plist;
				LD_RUNPATH_SEARCH_PATHS = "$(inherited) @executable_path/Frameworks @loader_path/Frameworks";
				PRODUCT_BUNDLE_IDENTIFIER = com.tertiayrinfotech.test8Tests;
				PRODUCT_NAME = "$(TARGET_NAME)";
				SWIFT_VERSION = 3.0;
				TEST_HOST = "$(BUILT_PRODUCTS_DIR)/test8.app/test8";
			};
			name = Release;
		};
		BB8098C51DD82C5F00ED1B68 /* Debug */ = {
			isa = XCBuildConfiguration;
			buildSettings = {
				ALWAYS_EMBED_SWIFT_STANDARD_LIBRARIES = YES;
				INFOPLIST_FILE = test8UITests/Info.plist;
				LD_RUNPATH_SEARCH_PATHS = "$(inherited) @executable_path/Frameworks @loader_path/Frameworks";
				PRODUCT_BUNDLE_IDENTIFIER = com.tertiayrinfotech.test8UITests;
				PRODUCT_NAME = "$(TARGET_NAME)";
				SWIFT_VERSION = 3.0;
				TEST_TARGET_NAME = test8;
			};
			name = Debug;
		};
		BB8098C61DD82C5F00ED1B68 /* Release */ = {
			isa = XCBuildConfiguration;
			buildSettings = {
				ALWAYS_EMBED_SWIFT_STANDARD_LIBRARIES = YES;
				INFOPLIST_FILE = test8UITests/Info.plist;
				LD_RUNPATH_SEARCH_PATHS = "$(inherited) @executable_path/Frameworks @loader_path/Frameworks";
				PRODUCT_BUNDLE_IDENTIFIER = com.tertiayrinfotech.test8UITests;
				PRODUCT_NAME = "$(TARGET_NAME)";
				SWIFT_VERSION = 3.0;
				TEST_TARGET_NAME = test8;
			};
			name = Release;
		};
/* End XCBuildConfiguration section */

/* Begin XCConfigurationList section */
		BB8098911DD82C5E00ED1B68 /* Build configuration list for PBXProject "test8" */ = {
			isa = XCConfigurationList;
			buildConfigurations = (
				BB8098BC1DD82C5F00ED1B68 /* Debug */,
				BB8098BD1DD82C5F00ED1B68 /* Release */,
			);
			defaultConfigurationIsVisible = 0;
			defaultConfigurationName = Release;
		};
		BB8098BE1DD82C5F00ED1B68 /* Build configuration list for PBXNativeTarget "test8" */ = {
			isa = XCConfigurationList;
			buildConfigurations = (
				BB8098BF1DD82C5F00ED1B68 /* Debug */,
				BB8098C01DD82C5F00ED1B68 /* Release */,
			);
			defaultConfigurationIsVisible = 0;
		};
		BB8098C11DD82C5F00ED1B68 /* Build configuration list for PBXNativeTarget "test8Tests" */ = {
			isa = XCConfigurationList;
			buildConfigurations = (
				BB8098C21DD82C5F00ED1B68 /* Debug */,
				BB8098C31DD82C5F00ED1B68 /* Release */,
			);
			defaultConfigurationIsVisible = 0;
		};
		BB8098C41DD82C5F00ED1B68 /* Build configuration list for PBXNativeTarget "test8UITests" */ = {
			isa = XCConfigurationList;
			buildConfigurations = (
				BB8098C51DD82C5F00ED1B68 /* Debug */,
				BB8098C61DD82C5F00ED1B68 /* Release */,
			);
			defaultConfigurationIsVisible = 0;
		};
/* End XCConfigurationList section */
	};
	rootObject = BB80988E1DD82C5E00ED1B68 /* Project object */;
}
